{
  "name": "feishu-evolver-wrapper",
  "version": "1.5.7",
  "lockfileVersion": 3,
  "requires": true,
  "packages": {
    "": {
      "name": "feishu-evolver-wrapper",
      "version": "1.5.7",
      "dependencies": {
        "evolver": "file:../evolver"
      }
    },
    "../evolver": {
      "version": "1.12.0",
      "license": "MIT"
    },
    "node_modules/evolver": {
      "resolved": "../evolver",
      "link": true
    }
  }
}
